// !$*UTF8*$!
{
	archiveVersion = 1;
	classes = {
	};
	objectVersion = 56;
	objects = {

/* Begin PBXBuildFile section */
		204CEEEB2C028E18000AC03D /* PrimaryButtonStyle.swift in Sources */ = {isa = PBXBuildFile; fileRef = 204CEEEA2C028E18000AC03D /* PrimaryButtonStyle.swift */; };
		207CCD8C2C02822900742B74 /* ObjectDetectorApp.swift in Sources */ = {isa = PBXBuildFile; fileRef = 207CCD8B2C02822900742B74 /* ObjectDetectorApp.swift */; };
		207CCD8E2C02822900742B74 /* ContentView.swift in Sources */ = {isa = PBXBuildFile; fileRef = 207CCD8D2C02822900742B74 /* ContentView.swift */; };
		207CCD902C02822A00742B74 /* Assets.xcassets in Resources */ = {isa = PBXBuildFile; fileRef = 207CCD8F2C02822A00742B74 /* Assets.xcassets */; };
		207CCD932C02822A00742B74 /* Preview Assets.xcassets in Resources */ = {isa = PBXBuildFile; fileRef = 207CCD922C02822A00742B74 /* Preview Assets.xcassets */; };
		207CCD9A2C0282FC00742B74 /* CameraPicker.swift in Sources */ = {isa = PBXBuildFile; fileRef = 207CCD992C0282FC00742B74 /* CameraPicker.swift */; };
		207CCD9C2C028B2300742B74 /* ImageLoaderViewModel.swift in Sources */ = {isa = PBXBuildFile; fileRef = 207CCD9B2C028B2300742B74 /* ImageLoaderViewModel.swift */; };
		272722CC2E9A9D9300A609D9 /* Resnet50.mlmodel in Sources */ = {isa = PBXBuildFile; fileRef = 272722CB2E9A9D9300A609D9 /* Resnet50.mlmodel */; };
		272722CE2E9A9E8400A609D9 /* ContentViewModel.swift in Sources */ = {isa = PBXBuildFile; fileRef = 272722CD2E9A9E8400A609D9 /* ContentViewModel.swift */; };
/* End PBXBuildFile section */

/* Begin PBXFileReference section */
		204CEEEA2C028E18000AC03D /* PrimaryButtonStyle.swift */ = {isa = PBXFileReference; lastKnownFileType = sourcecode.swift; path = PrimaryButtonStyle.swift; sourceTree = "<group>"; };
		207CCD882C02822900742B74 /* ObjectDetector.app */ = {isa = PBXFileReference; explicitFileType = wrapper.application; includeInIndex = 0; path = ObjectDetector.app; sourceTree = BUILT_PRODUCTS_DIR; };
		207CCD8B2C02822900742B74 /* ObjectDetectorApp.swift */ = {isa = PBXFileReference; lastKnownFileType = sourcecode.swift; path = ObjectDetectorApp.swift; sourceTree = "<group>"; };
		207CCD8D2C02822900742B74 /* ContentView.swift */ = {isa = PBXFileReference; lastKnownFileType = sourcecode.swift; path = ContentView.swift; sourceTree = "<group>"; };
		207CCD8F2C02822A00742B74 /* Assets.xcassets */ = {isa = PBXFileReference; lastKnownFileType = folder.assetcatalog; path = Assets.xcassets; sourceTree = "<group>"; };
		207CCD922C02822A00742B74 /* Preview Assets.xcassets */ = {isa = PBXFileReference; lastKnownFileType = folder.assetcatalog; path = "Preview Assets.xcassets"; sourceTree = "<group>"; };
		207CCD992C0282FC00742B74 /* CameraPicker.swift */ = {isa = PBXFileReference; lastKnownFileType = sourcecode.swift; path = CameraPicker.swift; sourceTree = "<group>"; };
		207CCD9B2C028B2300742B74 /* ImageLoaderViewModel.swift */ = {isa = PBXFileReference; lastKnownFileType = sourcecode.swift; path = ImageLoaderViewModel.swift; sourceTree = "<group>"; };
		272722CB2E9A9D9300A609D9 /* Resnet50.mlmodel */ = {isa = PBXFileReference; lastKnownFileType = file.mlmodel; path = Resnet50.mlmodel; sourceTree = "<group>"; };
		272722CD2E9A9E8400A609D9 /* ContentViewModel.swift */ = {isa = PBXFileReference; lastKnownFileType = sourcecode.swift; path = ContentViewModel.swift; sourceTree = "<group>"; };
/* End PBXFileReference section */

/* Begin PBXFrameworksBuildPhase section */
		207CCD852C02822900742B74 /* Frameworks */ = {
			isa = PBXFrameworksBuildPhase;
			buildActionMask = 2147483647;
			files = (
			);
			runOnlyForDeploymentPostprocessing = 0;
		};
/* End PBXFrameworksBuildPhase section */

/* Begin PBXGroup section */
		207CCD7F2C02822900742B74 = {
			isa = PBXGroup;
			children = (
				207CCD8A2C02822900742B74 /* ObjectDetector */,
				207CCD892C02822900742B74 /* Products */,
			);
			sourceTree = "<group>";
		};
		207CCD892C02822900742B74 /* Products */ = {
			isa = PBXGroup;
			children = (
				207CCD882C02822900742B74 /* ObjectDetector.app */,
			);
			name = Products;
			sourceTree = "<group>";
		};
		207CCD8A2C02822900742B74 /* ObjectDetector */ = {
			isa = PBXGroup;
			children = (
				207CCD8B2C02822900742B74 /* ObjectDetectorApp.swift */,
				207CCD8D2C02822900742B74 /* ContentView.swift */,
				207CCD8F2C02822A00742B74 /* Assets.xcassets */,
				207CCD912C02822A00742B74 /* Preview Content */,
				207CCD992C0282FC00742B74 /* CameraPicker.swift */,
				207CCD9B2C028B2300742B74 /* ImageLoaderViewModel.swift */,
				204CEEEA2C028E18000AC03D /* PrimaryButtonStyle.swift */,
				272722CB2E9A9D9300A609D9 /* Resnet50.mlmodel */,
				272722CD2E9A9E8400A609D9 /* ContentViewModel.swift */,
			);
			path = ObjectDetector;
			sourceTree = "<group>";
		};
		207CCD912C02822A00742B74 /* Preview Content */ = {
			isa = PBXGroup;
			children = (
				207CCD922C02822A00742B74 /* Preview Assets.xcassets */,
			);
			path = "Preview Content";
			sourceTree = "<group>";
		};
/* End PBXGroup section */

/* Begin PBXNativeTarget section */
		207CCD872C02822900742B74 /* ObjectDetector */ = {
			isa = PBXNativeTarget;
			buildConfigurationList = 207CCD962C02822A00742B74 /* Build configuration list for PBXNativeTarget "ObjectDetector" */;
			buildPhases = (
				207CCD842C02822900742B74 /* Sources */,
				207CCD852C02822900742B74 /* Frameworks */,
				207CCD862C02822900742B74 /* Resources */,
			);
			buildRules = (
			);
			dependencies = (
			);
			name = ObjectDetector;
			productName = ObjectDetector;
			productReference = 207CCD882C02822900742B74 /* ObjectDetector.app */;
			productType = "com.apple.product-type.application";
		};
/* End PBXNativeTarget section */

/* Begin PBXProject section */
		207CCD802C02822900742B74 /* Project object */ = {
			isa = PBXProject;
			attributes = {
				BuildIndependentTargetsInParallel = 1;
				LastSwiftUpdateCheck = 1530;
				LastUpgradeCheck = 1530;
				TargetAttributes = {
					207CCD872C02822900742B74 = {
						CreatedOnToolsVersion = 15.3;
					};
				};
			};
			buildConfigurationList = 207CCD832C02822900742B74 /* Build configuration list for PBXProject "ObjectDetector" */;
			compatibilityVersion = "Xcode 14.0";
			developmentRegion = en;
			hasScannedForEncodings = 0;
			knownRegions = (
				en,
				Base,
			);
			mainGroup = 207CCD7F2C02822900742B74;
			productRefGroup = 207CCD892C02822900742B74 /* Products */;
			projectDirPath = "";
			projectRoot = "";
			targets = (
				207CCD872C02822900742B74 /* ObjectDetector */,
			);
		};
/* End PBXProject section */

/* Begin PBXResourcesBuildPhase section */
		207CCD862C02822900742B74 /* Resources */ = {
			isa = PBXResourcesBuildPhase;
			buildActionMask = 2147483647;
			files = (
				207CCD932C02822A00742B74 /* Preview Assets.xcassets in Resources */,
				207CCD902C02822A00742B74 /* Assets.xcassets in Resources */,
			);
			runOnlyForDeploymentPostprocessing = 0;
		};
/* End PBXResourcesBuildPhase section */

/* Begin PBXSourcesBuildPhase section */
		207CCD842C02822900742B74 /* Sources */ = {
			isa = PBXSourcesBuildPhase;
			buildActionMask = 2147483647;
			files = (
				207CCD8E2C02822900742B74 /* ContentView.swift in Sources */,
				204CEEEB2C028E18000AC03D /* PrimaryButtonStyle.swift in Sources */,
				207CCD9A2C0282FC00742B74 /* CameraPicker.swift in Sources */,
				272722CE2E9A9E8400A609D9 /* ContentViewModel.swift in Sources */,
				207CCD8C2C02822900742B74 /* ObjectDetectorApp.swift in Sources */,
				272722CC2E9A9D9300A609D9 /* Resnet50.mlmodel in Sources */,
				207CCD9C2C028B2300742B74 /* ImageLoaderViewModel.swift in Sources */,
			);
			runOnlyForDeploymentPostprocessing = 0;
		};
/* End PBXSourcesBuildPhase section */

/* Begin XCBuildConfiguration section */
		207CCD942C02822A00742B74 /* Debug */ = {
			isa = XCBuildConfiguration;
			buildSettings = {
				ALWAYS_SEARCH_USER_PATHS = NO;
				ASSETCATALOG_COMPILER_GENERATE_SWIFT_ASSET_SYMBOL_EXTENSIONS = YES;
				CLANG_ANALYZER_NONNULL = YES;
				CLANG_ANALYZER_NUMBER_OBJECT_CONVERSION = YES_AGGRESSIVE;
				CLANG_CXX_LANGUAGE_STANDARD = "gnu++20";
				CLANG_ENABLE_MODULES = YES;
				CLANG_ENABLE_OBJC_ARC = YES;
				CLANG_ENABLE_OBJC_WEAK = YES;
				CLANG_WARN_BLOCK_CAPTURE_AUTORELEASING = YES;
				CLANG_WARN_BOOL_CONVERSION = YES;
				CLANG_WARN_COMMA = YES;
				CLANG_WARN_CONSTANT_CONVERSION = YES;
				CLANG_WARN_DEPRECATED_OBJC_IMPLEMENTATIONS = YES;
				CLANG_WARN_DIRECT_OBJC_ISA_USAGE = YES_ERROR;
				CLANG_WARN_DOCUMENTATION_COMMENTS = YES;
				CLANG_WARN_EMPTY_BODY = YES;
				CLANG_WARN_ENUM_CONVERSION = YES;
				CLANG_WARN_INFINITE_RECURSION = YES;
				CLANG_WARN_INT_CONVERSION = YES;
				CLANG_WARN_NON_LITERAL_NULL_CONVERSION = YES;
				CLANG_WARN_OBJC_IMPLICIT_RETAIN_SELF = YES;
				CLANG_WARN_OBJC_LITERAL_CONVERSION = YES;
				CLANG_WARN_OBJC_ROOT_CLASS = YES_ERROR;
				CLANG_WARN_QUOTED_INCLUDE_IN_FRAMEWORK_HEADER = YES;
				CLANG_WARN_RANGE_LOOP_ANALYSIS = YES;
				CLANG_WARN_STRICT_PROTOTYPES = YES;
				CLANG_WARN_SUSPICIOUS_MOVE = YES;
				CLANG_WARN_UNGUARDED_AVAILABILITY = YES_AGGRESSIVE;
				CLANG_WARN_UNREACHABLE_CODE = YES;
				CLANG_WARN__DUPLICATE_METHOD_MATCH = YES;
				COPY_PHASE_STRIP = NO;
				DEBUG_INFORMATION_FORMAT = dwarf;
				ENABLE_STRICT_OBJC_MSGSEND = YES;
				ENABLE_TESTABILITY = YES;
				ENABLE_USER_SCRIPT_SANDBOXING = YES;
				GCC_C_LANGUAGE_STANDARD = gnu17;
				GCC_DYNAMIC_NO_PIC = NO;
				GCC_NO_COMMON_BLOCKS = YES;
				GCC_OPTIMIZATION_LEVEL = 0;
				GCC_PREPROCESSOR_DEFINITIONS = (
					"DEBUG=1",
					"$(inherited)",
				);
				GCC_WARN_64_TO_32_BIT_CONVERSION = YES;
				GCC_WARN_ABOUT_RETURN_TYPE = YES_ERROR;
				GCC_WARN_UNDECLARED_SELECTOR = YES;
				GCC_WARN_UNINITIALIZED_AUTOS = YES_AGGRESSIVE;
				GCC_WARN_UNUSED_FUNCTION = YES;
				GCC_WARN_UNUSED_VARIABLE = YES;
				IPHONEOS_DEPLOYMENT_TARGET = 17.4;
				LOCALIZATION_PREFERS_STRING_CATALOGS = YES;
				MTL_ENABLE_DEBUG_INFO = INCLUDE_SOURCE;
				MTL_FAST_MATH = YES;
				ONLY_ACTIVE_ARCH = YES;
				SDKROOT = iphoneos;
				SWIFT_ACTIVE_COMPILATION_CONDITIONS = "DEBUG $(inherited)";
				SWIFT_OPTIMIZATION_LEVEL = "-Onone";
			};
			name = Debug;
		};
		207CCD952C02822A00742B74 /* Release */ = {
			isa = XCBuildConfiguration;
			buildSettings = {
				ALWAYS_SEARCH_USER_PATHS = NO;
				ASSETCATALOG_COMPILER_GENERATE_SWIFT_ASSET_SYMBOL_EXTENSIONS = YES;
				CLANG_ANALYZER_NONNULL = YES;
				CLANG_ANALYZER_NUMBER_OBJECT_CONVERSION = YES_AGGRESSIVE;
				CLANG_CXX_LANGUAGE_STANDARD = "gnu++20";
				CLANG_ENABLE_MODULES = YES;
				CLANG_ENABLE_OBJC_ARC = YES;
				CLANG_ENABLE_OBJC_WEAK = YES;
				CLANG_WARN_BLOCK_CAPTURE_AUTORELEASING = YES;
				CLANG_WARN_BOOL_CONVERSION = YES;
				CLANG_WARN_COMMA = YES;
				CLANG_WARN_CONSTANT_CONVERSION = YES;
				CLANG_WARN_DEPRECATED_OBJC_IMPLEMENTATIONS = YES;
				CLANG_WARN_DIRECT_OBJC_ISA_USAGE = YES_ERROR;
				CLANG_WARN_DOCUMENTATION_COMMENTS = YES;
				CLANG_WARN_EMPTY_BODY = YES;
				CLANG_WARN_ENUM_CONVERSION = YES;
				CLANG_WARN_INFINITE_RECURSION = YES;
				CLANG_WARN_INT_CONVERSION = YES;
				CLANG_WARN_NON_LITERAL_NULL_CONVERSION = YES;
				CLANG_WARN_OBJC_IMPLICIT_RETAIN_SELF = YES;
				CLANG_WARN_OBJC_LITERAL_CONVERSION = YES;
				CLANG_WARN_OBJC_ROOT_CLASS = YES_ERROR;
				CLANG_WARN_QUOTED_INCLUDE_IN_FRAMEWORK_HEADER = YES;
				CLANG_WARN_RANGE_LOOP_ANALYSIS = YES;
				CLANG_WARN_STRICT_PROTOTYPES = YES;
				CLANG_WARN_SUSPICIOUS_MOVE = YES;
				CLANG_WARN_UNGUARDED_AVAILABILITY = YES_AGGRESSIVE;
				CLANG_WARN_UNREACHABLE_CODE = YES;
				CLANG_WARN__DUPLICATE_METHOD_MATCH = YES;
				COPY_PHASE_STRIP = NO;
				DEBUG_INFORMATION_FORMAT = "dwarf-with-dsym";
				ENABLE_NS_ASSERTIONS = NO;
				ENABLE_STRICT_OBJC_MSGSEND = YES;
				ENABLE_USER_SCRIPT_SANDBOXING = YES;
				GCC_C_LANGUAGE_STANDARD = gnu17;
				GCC_NO_COMMON_BLOCKS = YES;
				GCC_WARN_64_TO_32_BIT_CONVERSION = YES;
				GCC_WARN_ABOUT_RETURN_TYPE = YES_ERROR;
				GCC_WARN_UNDECLARED_SELECTOR = YES;
				GCC_WARN_UNINITIALIZED_AUTOS = YES_AGGRESSIVE;
				GCC_WARN_UNUSED_FUNCTION = YES;
				GCC_WARN_UNUSED_VARIABLE = YES;
				IPHONEOS_DEPLOYMENT_TARGET = 17.4;
				LOCALIZATION_PREFERS_STRING_CATALOGS = YES;
				MTL_ENABLE_DEBUG_INFO = NO;
				MTL_FAST_MATH = YES;
				SDKROOT = iphoneos;
				SWIFT_COMPILATION_MODE = wholemodule;
				VALIDATE_PRODUCT = YES;
			};
			name = Release;
		};
		207CCD972C02822A00742B74 /* Debug */ = {
			isa = XCBuildConfiguration;
			buildSettings = {
				ASSETCATALOG_COMPILER_APPICON_NAME = AppIcon;
				ASSETCATALOG_COMPILER_GLOBAL_ACCENT_COLOR_NAME = AccentColor;
				CODE_SIGN_STYLE = Automatic;
				CURRENT_PROJECT_VERSION = 1;
				DEVELOPMENT_ASSET_PATHS = "\"ObjectDetector/Preview Content\"";
				DEVELOPMENT_TEAM = W85GJYFB35;
				ENABLE_PREVIEWS = YES;
				GENERATE_INFOPLIST_FILE = YES;
				INFOPLIST_KEY_NSCameraUsageDescription = "ObjectDetector would like to use your camera to detect what is in your image";
				INFOPLIST_KEY_NSPhotoLibraryUsageDescription = "ObjectDetector would like to use your camera to detect what is in your image";
				INFOPLIST_KEY_UIApplicationSceneManifest_Generation = YES;
				INFOPLIST_KEY_UIApplicationSupportsIndirectInputEvents = YES;
				INFOPLIST_KEY_UILaunchScreen_Generation = YES;
				INFOPLIST_KEY_UISupportedInterfaceOrientations_iPad = "UIInterfaceOrientationPortrait UIInterfaceOrientationPortraitUpsideDown UIInterfaceOrientationLandscapeLeft UIInterfaceOrientationLandscapeRight";
				INFOPLIST_KEY_UISupportedInterfaceOrientations_iPhone = "UIInterfaceOrientationPortrait UIInterfaceOrientationLandscapeLeft UIInterfaceOrientationLandscapeRight";
				LD_RUNPATH_SEARCH_PATHS = (
					"$(inherited)",
					"@executable_path/Frameworks",
				);
				MARKETING_VERSION = 1.0;
				PRODUCT_BUNDLE_IDENTIFIER = com.fullstacktuts.ObjectDetector;
				PRODUCT_NAME = "$(TARGET_NAME)";
				SWIFT_EMIT_LOC_STRINGS = YES;
				SWIFT_VERSION = 5.0;
				TARGETED_DEVICE_FAMILY = "1,2";
			};
			name = Debug;
		};
		207CCD982C02822A00742B74 /* Release */ = {
			isa = XCBuildConfiguration;
			buildSettings = {
				ASSETCATALOG_COMPILER_APPICON_NAME = AppIcon;
				ASSETCATALOG_COMPILER_GLOBAL_ACCENT_COLOR_NAME = AccentColor;
				CODE_SIGN_STYLE = Automatic;
				CURRENT_PROJECT_VERSION = 1;
				DEVELOPMENT_ASSET_PATHS = "\"ObjectDetector/Preview Content\"";
				DEVELOPMENT_TEAM = W85GJYFB35;
				ENABLE_PREVIEWS = YES;
				GENERATE_INFOPLIST_FILE = YES;
				INFOPLIST_KEY_NSCameraUsageDescription = "ObjectDetector would like to use your camera to detect what is in your image";
				INFOPLIST_KEY_NSPhotoLibraryUsageDescription = "ObjectDetector would like to use your camera to detect what is in your image";
				INFOPLIST_KEY_UIApplicationSceneManifest_Generation = YES;
				INFOPLIST_KEY_UIApplicationSupportsIndirectInputEvents = YES;
				INFOPLIST_KEY_UILaunchScreen_Generation = YES;
				INFOPLIST_KEY_UISupportedInterfaceOrientations_iPad = "UIInterfaceOrientationPortrait UIInterfaceOrientationPortraitUpsideDown UIInterfaceOrientationLandscapeLeft UIInterfaceOrientationLandscapeRight";
				INFOPLIST_KEY_UISupportedInterfaceOrientations_iPhone = "UIInterfaceOrientationPortrait UIInterfaceOrientationLandscapeLeft UIInterfaceOrientationLandscapeRight";
				LD_RUNPATH_SEARCH_PATHS = (
					"$(inherited)",
					"@executable_path/Frameworks",
				);
				MARKETING_VERSION = 1.0;
				PRODUCT_BUNDLE_IDENTIFIER = com.fullstacktuts.ObjectDetector;
				PRODUCT_NAME = "$(TARGET_NAME)";
				SWIFT_EMIT_LOC_STRINGS = YES;
				SWIFT_VERSION = 5.0;
				TARGETED_DEVICE_FAMILY = "1,2";
			};
			name = Release;
		};
/* End XCBuildConfiguration section */

/* Begin XCConfigurationList section */
		207CCD832C02822900742B74 /* Build configuration list for PBXProject "ObjectDetector" */ = {
			isa = XCConfigurationList;
			buildConfigurations = (
				207CCD942C02822A00742B74 /* Debug */,
				207CCD952C02822A00742B74 /* Release */,
			);
			defaultConfigurationIsVisible = 0;
			defaultConfigurationName = Release;
		};
		207CCD962C02822A00742B74 /* Build configuration list for PBXNativeTarget "ObjectDetector" */ = {
			isa = XCConfigurationList;
			buildConfigurations = (
				207CCD972C02822A00742B74 /* Debug */,
				207CCD982C02822A00742B74 /* Release */,
			);
			defaultConfigurationIsVisible = 0;
			defaultConfigurationName = Release;
		};
/* End XCConfigurationList section */
	};
	rootObject = 207CCD802C02822900742B74 /* Project object */;
}
